
Microsoft Visual Studio Solution File, Format Version 12.00
# Visual Studio 2013
VisualStudioVersion = 12.0.21005.1
MinimumVisualStudioVersion = 10.0.40219.1
Project("{8BC9CEB8-8B4A-11D0-8D11-00A0C91BC942}") = "zserver", "zserver\zserver.vcxproj", "{C8492A6D-289B-4064-80A8-DEE256B5234E}"
EndProject
Project("{8BC9CEB8-8B4A-11D0-8D11-00A0C91BC942}") = "testcasetop", "testcasetop\testcasetop.vcxproj", "{729FC7F4-FF65-4AC6-B9A5-A7CEDCFF2887}"
	ProjectSection(ProjectDependencies) = postProject
		{C8492A6D-289B-4064-80A8-DEE256B5234E} = {C8492A6D-289B-4064-80A8-DEE256B5234E}
	EndProjectSection
EndProject
Project("{8BC9CEB8-8B4A-11D0-8D11-00A0C91BC942}") = "testcaseventilator", "testcaseventilator\testcaseventilator.vcxproj", "{D069A2CF-AFF4-4BB9-B1DA-62DA788B7040}"
EndProject
Project("{8BC9CEB8-8B4A-11D0-8D11-00A0C91BC942}") = "testcaseworker", "testcaseworker\testcaseworker.vcxproj", "{D4498281-3553-4341-A99B-6426ECE0EC6C}"
EndProject
Project("{8BC9CEB8-8B4A-11D0-8D11-00A0C91BC942}") = "json", "json\json.vcxproj", "{31880D97-3397-45D9-B856-6FCC76F00419}"
EndProject
Global
	GlobalSection(SolutionConfigurationPlatforms) = preSolution
		Debug|Win32 = Debug|Win32
		Release|Win32 = Release|Win32
	EndGlobalSection
	GlobalSection(ProjectConfigurationPlatforms) = postSolution
		{C8492A6D-289B-4064-80A8-DEE256B5234E}.Debug|Win32.ActiveCfg = Debug|Win32
		{C8492A6D-289B-4064-80A8-DEE256B5234E}.Debug|Win32.Build.0 = Debug|Win32
		{C8492A6D-289B-4064-80A8-DEE256B5234E}.Release|Win32.ActiveCfg = Release|Win32
		{C8492A6D-289B-4064-80A8-DEE256B5234E}.Release|Win32.Build.0 = Release|Win32
		{729FC7F4-FF65-4AC6-B9A5-A7CEDCFF2887}.Debug|Win32.ActiveCfg = Debug|Win32
		{729FC7F4-FF65-4AC6-B9A5-A7CEDCFF2887}.Debug|Win32.Build.0 = Debug|Win32
		{729FC7F4-FF65-4AC6-B9A5-A7CEDCFF2887}.Release|Win32.ActiveCfg = Release|Win32
		{729FC7F4-FF65-4AC6-B9A5-A7CEDCFF2887}.Release|Win32.Build.0 = Release|Win32
		{D069A2CF-AFF4-4BB9-B1DA-62DA788B7040}.Debug|Win32.ActiveCfg = Debug|Win32
		{D069A2CF-AFF4-4BB9-B1DA-62DA788B7040}.Debug|Win32.Build.0 = Debug|Win32
		{D069A2CF-AFF4-4BB9-B1DA-62DA788B7040}.Release|Win32.ActiveCfg = Release|Win32
		{D069A2CF-AFF4-4BB9-B1DA-62DA788B7040}.Release|Win32.Build.0 = Release|Win32
		{D4498281-3553-4341-A99B-6426ECE0EC6C}.Debug|Win32.ActiveCfg = Debug|Win32
		{D4498281-3553-4341-A99B-6426ECE0EC6C}.Debug|Win32.Build.0 = Debug|Win32
		{D4498281-3553-4341-A99B-6426ECE0EC6C}.Release|Win32.ActiveCfg = Release|Win32
		{D4498281-3553-4341-A99B-6426ECE0EC6C}.Release|Win32.Build.0 = Release|Win32
		{31880D97-3397-45D9-B856-6FCC76F00419}.Debug|Win32.ActiveCfg = Debug|Win32
		{31880D97-3397-45D9-B856-6FCC76F00419}.Debug|Win32.Build.0 = Debug|Win32
		{31880D97-3397-45D9-B856-6FCC76F00419}.Release|Win32.ActiveCfg = Release|Win32
		{31880D97-3397-45D9-B856-6FCC76F00419}.Release|Win32.Build.0 = Release|Win32
	EndGlobalSection
	GlobalSection(SolutionProperties) = preSolution
		HideSolutionNode = FALSE
	EndGlobalSection
EndGlobal
